
Microsoft Visual Studio Solution File, Format Version 12.00
# Visual Studio Version 17
VisualStudioVersion = 17.3.32819.101
MinimumVisualStudioVersion = 10.0.40219.1
Project("{FAE04EC0-301F-11D3-BF4B-00C04F79EFBC}") = "login_system", "login_system.csproj", "{213416FE-C5AD-48EF-B637-239B17FA2E3D}"
EndProject
Global
	GlobalSection(SolutionConfigurationPlatforms) = preSolution
		Debug|Any CPU = Debug|Any CPU
		Release|Any CPU = Release|Any CPU
	EndGlobalSection
	GlobalSection(ProjectConfigurationPlatforms) = postSolution
		{213416FE-C5AD-48EF-B637-239B17FA2E3D}.Debug|Any CPU.ActiveCfg = Debug|Any CPU
		{213416FE-C5AD-48EF-B637-239B17FA2E3D}.Debug|Any CPU.Build.0 = Debug|Any CPU
		{213416FE-C5AD-48EF-B637-239B17FA2E3D}.Release|Any CPU.ActiveCfg = Release|Any CPU
		{213416FE-C5AD-48EF-B637-239B17FA2E3D}.Release|Any CPU.Build.0 = Release|Any CPU
	EndGlobalSection
	GlobalSection(SolutionProperties) = preSolution
		HideSolutionNode = FALSE
	EndGlobalSection
	GlobalSection(ExtensibilityGlobals) = postSolution
		SolutionGuid = {DD41C761-2E48-48B7-A815-88E8FBA714FE}
	EndGlobalSection
EndGlobal
